
Microsoft Visual Studio Solution File, Format Version 12.00
# Visual Studio Version 17
VisualStudioVersion = 17.7.34221.43
MinimumVisualStudioVersion = 10.0.40219.1
Project("{2150E333-8FDC-42A3-9474-1A3956D46DE8}") = "Solution Items", "Solution Items", "{6BBAF074-9344-4D3B-96C9-B83BD469E777}"
EndProject
Project("{9A19103F-16F7-4668-BE54-9A1E7A4F7556}") = "TelegramBotMain", "TelegramBotMain\TelegramBotMain.csproj", "{30D1BB64-B4D2-4B66-9A26-576742BD56BE}"
EndProject
Project("{9A19103F-16F7-4668-BE54-9A1E7A4F7556}") = "TeleBot.Common", "TeleBot.Common\TeleBot.Common.csproj", "{AF75C25A-6652-41A5-92AF-727386D11C92}"
EndProject
Project("{9A19103F-16F7-4668-BE54-9A1E7A4F7556}") = "InfoBrokerCaller", "InfoBrokerCaller\InfoBrokerCaller.csproj", "{C4E310EC-4112-49AC-80CC-D754C6911ED7}"
EndProject
Global
	GlobalSection(SolutionConfigurationPlatforms) = preSolution
		Debug|Any CPU = Debug|Any CPU
		Release|Any CPU = Release|Any CPU
	EndGlobalSection
	GlobalSection(ProjectConfigurationPlatforms) = postSolution
		{30D1BB64-B4D2-4B66-9A26-576742BD56BE}.Debug|Any CPU.ActiveCfg = Debug|Any CPU
		{30D1BB64-B4D2-4B66-9A26-576742BD56BE}.Debug|Any CPU.Build.0 = Debug|Any CPU
		{30D1BB64-B4D2-4B66-9A26-576742BD56BE}.Release|Any CPU.ActiveCfg = Release|Any CPU
		{30D1BB64-B4D2-4B66-9A26-576742BD56BE}.Release|Any CPU.Build.0 = Release|Any CPU
		{AF75C25A-6652-41A5-92AF-727386D11C92}.Debug|Any CPU.ActiveCfg = Debug|Any CPU
		{AF75C25A-6652-41A5-92AF-727386D11C92}.Debug|Any CPU.Build.0 = Debug|Any CPU
		{AF75C25A-6652-41A5-92AF-727386D11C92}.Release|Any CPU.ActiveCfg = Release|Any CPU
		{AF75C25A-6652-41A5-92AF-727386D11C92}.Release|Any CPU.Build.0 = Release|Any CPU
		{C4E310EC-4112-49AC-80CC-D754C6911ED7}.Debug|Any CPU.ActiveCfg = Debug|Any CPU
		{C4E310EC-4112-49AC-80CC-D754C6911ED7}.Debug|Any CPU.Build.0 = Debug|Any CPU
		{C4E310EC-4112-49AC-80CC-D754C6911ED7}.Release|Any CPU.ActiveCfg = Release|Any CPU
		{C4E310EC-4112-49AC-80CC-D754C6911ED7}.Release|Any CPU.Build.0 = Release|Any CPU
	EndGlobalSection
	GlobalSection(SolutionProperties) = preSolution
		HideSolutionNode = FALSE
	EndGlobalSection
	GlobalSection(ExtensibilityGlobals) = postSolution
		SolutionGuid = {FBFECBF3-3892-4890-8FDD-BD97D882DB9D}
	EndGlobalSection
EndGlobal
